// !$*UTF8*$!
{
	archiveVersion = 1;
	classes = {
	};
	objectVersion = 55;
	objects = {

/* Begin PBXBuildFile section */
		1A41E61C26E745DD009B65D7 /* Assets.xcassets in Resources */ = {isa = PBXBuildFile; fileRef = 1A41E61B26E745DD009B65D7 /* Assets.xcassets */; };
		1A41E61F26E745DD009B65D7 /* Preview Assets.xcassets in Resources */ = {isa = PBXBuildFile; fileRef = 1A41E61E26E745DD009B65D7 /* Preview Assets.xcassets */; };
		1A41E62926E745DD009B65D7 /* IMKitSampleTests.swift in Sources */ = {isa = PBXBuildFile; fileRef = 1A41E62826E745DD009B65D7 /* IMKitSampleTests.swift */; };
		1A41E63326E745DD009B65D7 /* IMKitSampleUITests.swift in Sources */ = {isa = PBXBuildFile; fileRef = 1A41E63226E745DD009B65D7 /* IMKitSampleUITests.swift */; };
		1A41E63526E745DD009B65D7 /* IMKitSampleUITestsLaunchTests.swift in Sources */ = {isa = PBXBuildFile; fileRef = 1A41E63426E745DD009B65D7 /* IMKitSampleUITestsLaunchTests.swift */; };
		1A41E64226E74627009B65D7 /* AppDelegate.swift in Sources */ = {isa = PBXBuildFile; fileRef = 1A41E64126E74627009B65D7 /* AppDelegate.swift */; };
		1A41E64426E74669009B65D7 /* IMKitSampleInputController.swift in Sources */ = {isa = PBXBuildFile; fileRef = 1A41E64326E74669009B65D7 /* IMKitSampleInputController.swift */; };
		1A41E64726E74937009B65D7 /* main.tiff in Resources */ = {isa = PBXBuildFile; fileRef = 1A41E64626E74937009B65D7 /* main.tiff */; };
/* End PBXBuildFile section */

/* Begin PBXContainerItemProxy section */
		1A41E62526E745DD009B65D7 /* PBXContainerItemProxy */ = {
			isa = PBXContainerItemProxy;
			containerPortal = 1A41E60C26E745D9009B65D7 /* Project object */;
			proxyType = 1;
			remoteGlobalIDString = 1A41E61326E745D9009B65D7;
			remoteInfo = IMKitSample;
		};
		1A41E62F26E745DD009B65D7 /* PBXContainerItemProxy */ = {
			isa = PBXContainerItemProxy;
			containerPortal = 1A41E60C26E745D9009B65D7 /* Project object */;
			proxyType = 1;
			remoteGlobalIDString = 1A41E61326E745D9009B65D7;
			remoteInfo = IMKitSample;
		};
/* End PBXContainerItemProxy section */

/* Begin PBXFileReference section */
		1A41E61426E745D9009B65D7 /* IMKitSample.app */ = {isa = PBXFileReference; explicitFileType = wrapper.application; includeInIndex = 0; path = IMKitSample.app; sourceTree = BUILT_PRODUCTS_DIR; };
		1A41E61B26E745DD009B65D7 /* Assets.xcassets */ = {isa = PBXFileReference; lastKnownFileType = folder.assetcatalog; path = Assets.xcassets; sourceTree = "<group>"; };
		1A41E61E26E745DD009B65D7 /* Preview Assets.xcassets */ = {isa = PBXFileReference; lastKnownFileType = folder.assetcatalog; path = "Preview Assets.xcassets"; sourceTree = "<group>"; };
		1A41E62426E745DD009B65D7 /* IMKitSampleTests.xctest */ = {isa = PBXFileReference; explicitFileType = wrapper.cfbundle; includeInIndex = 0; path = IMKitSampleTests.xctest; sourceTree = BUILT_PRODUCTS_DIR; };
		1A41E62826E745DD009B65D7 /* IMKitSampleTests.swift */ = {isa = PBXFileReference; lastKnownFileType = sourcecode.swift; path = IMKitSampleTests.swift; sourceTree = "<group>"; };
		1A41E62E26E745DD009B65D7 /* IMKitSampleUITests.xctest */ = {isa = PBXFileReference; explicitFileType = wrapper.cfbundle; includeInIndex = 0; path = IMKitSampleUITests.xctest; sourceTree = BUILT_PRODUCTS_DIR; };
		1A41E63226E745DD009B65D7 /* IMKitSampleUITests.swift */ = {isa = PBXFileReference; lastKnownFileType = sourcecode.swift; path = IMKitSampleUITests.swift; sourceTree = "<group>"; };
		1A41E63426E745DD009B65D7 /* IMKitSampleUITestsLaunchTests.swift */ = {isa = PBXFileReference; lastKnownFileType = sourcecode.swift; path = IMKitSampleUITestsLaunchTests.swift; sourceTree = "<group>"; };
		1A41E64126E74627009B65D7 /* AppDelegate.swift */ = {isa = PBXFileReference; lastKnownFileType = sourcecode.swift; path = AppDelegate.swift; sourceTree = "<group>"; };
		1A41E64326E74669009B65D7 /* IMKitSampleInputController.swift */ = {isa = PBXFileReference; lastKnownFileType = sourcecode.swift; path = IMKitSampleInputController.swift; sourceTree = "<group>"; };
		1A41E64526E7470D009B65D7 /* Info.plist */ = {isa = PBXFileReference; lastKnownFileType = text.plist; path = Info.plist; sourceTree = "<group>"; };
		1A41E64626E74937009B65D7 /* main.tiff */ = {isa = PBXFileReference; lastKnownFileType = image.tiff; name = main.tiff; path = IMKitSample/main.tiff; sourceTree = SOURCE_ROOT; };
		1A41E64826E7495A009B65D7 /* IMKitSample.entitlements */ = {isa = PBXFileReference; lastKnownFileType = text.plist.entitlements; path = IMKitSample.entitlements; sourceTree = "<group>"; };
/* End PBXFileReference section */

/* Begin PBXFrameworksBuildPhase section */
		1A41E61126E745D9009B65D7 /* Frameworks */ = {
			isa = PBXFrameworksBuildPhase;
			buildActionMask = 2147483647;
			files = (
			);
			runOnlyForDeploymentPostprocessing = 0;
		};
		1A41E62126E745DD009B65D7 /* Frameworks */ = {
			isa = PBXFrameworksBuildPhase;
			buildActionMask = 2147483647;
			files = (
			);
			runOnlyForDeploymentPostprocessing = 0;
		};
		1A41E62B26E745DD009B65D7 /* Frameworks */ = {
			isa = PBXFrameworksBuildPhase;
			buildActionMask = 2147483647;
			files = (
			);
			runOnlyForDeploymentPostprocessing = 0;
		};
/* End PBXFrameworksBuildPhase section */

/* Begin PBXGroup section */
		1A41E60B26E745D9009B65D7 = {
			isa = PBXGroup;
			children = (
				1A41E61626E745D9009B65D7 /* IMKitSample */,
				1A41E62726E745DD009B65D7 /* IMKitSampleTests */,
				1A41E63126E745DD009B65D7 /* IMKitSampleUITests */,
				1A41E61526E745D9009B65D7 /* Products */,
			);
			sourceTree = "<group>";
		};
		1A41E61526E745D9009B65D7 /* Products */ = {
			isa = PBXGroup;
			children = (
				1A41E61426E745D9009B65D7 /* IMKitSample.app */,
				1A41E62426E745DD009B65D7 /* IMKitSampleTests.xctest */,
				1A41E62E26E745DD009B65D7 /* IMKitSampleUITests.xctest */,
			);
			name = Products;
			sourceTree = "<group>";
		};
		1A41E61626E745D9009B65D7 /* IMKitSample */ = {
			isa = PBXGroup;
			children = (
				1A41E64526E7470D009B65D7 /* Info.plist */,
				1A41E64826E7495A009B65D7 /* IMKitSample.entitlements */,
				1A41E64326E74669009B65D7 /* IMKitSampleInputController.swift */,
				1A41E64126E74627009B65D7 /* AppDelegate.swift */,
				1A41E61B26E745DD009B65D7 /* Assets.xcassets */,
				1A41E64626E74937009B65D7 /* main.tiff */,
				1A41E61D26E745DD009B65D7 /* Preview Content */,
			);
			path = IMKitSample;
			sourceTree = "<group>";
		};
		1A41E61D26E745DD009B65D7 /* Preview Content */ = {
			isa = PBXGroup;
			children = (
				1A41E61E26E745DD009B65D7 /* Preview Assets.xcassets */,
			);
			path = "Preview Content";
			sourceTree = "<group>";
		};
		1A41E62726E745DD009B65D7 /* IMKitSampleTests */ = {
			isa = PBXGroup;
			children = (
				1A41E62826E745DD009B65D7 /* IMKitSampleTests.swift */,
			);
			path = IMKitSampleTests;
			sourceTree = "<group>";
		};
		1A41E63126E745DD009B65D7 /* IMKitSampleUITests */ = {
			isa = PBXGroup;
			children = (
				1A41E63226E745DD009B65D7 /* IMKitSampleUITests.swift */,
				1A41E63426E745DD009B65D7 /* IMKitSampleUITestsLaunchTests.swift */,
			);
			path = IMKitSampleUITests;
			sourceTree = "<group>";
		};
/* End PBXGroup section */

/* Begin PBXNativeTarget section */
		1A41E61326E745D9009B65D7 /* IMKitSample */ = {
			isa = PBXNativeTarget;
			buildConfigurationList = 1A41E63826E745DD009B65D7 /* Build configuration list for PBXNativeTarget "IMKitSample" */;
			buildPhases = (
				1A41E61026E745D9009B65D7 /* Sources */,
				1A41E61126E745D9009B65D7 /* Frameworks */,
				1A41E61226E745D9009B65D7 /* Resources */,
			);
			buildRules = (
			);
			dependencies = (
			);
			name = IMKitSample;
			productName = IMKitSample;
			productReference = 1A41E61426E745D9009B65D7 /* IMKitSample.app */;
			productType = "com.apple.product-type.application";
		};
		1A41E62326E745DD009B65D7 /* IMKitSampleTests */ = {
			isa = PBXNativeTarget;
			buildConfigurationList = 1A41E63B26E745DD009B65D7 /* Build configuration list for PBXNativeTarget "IMKitSampleTests" */;
			buildPhases = (
				1A41E62026E745DD009B65D7 /* Sources */,
				1A41E62126E745DD009B65D7 /* Frameworks */,
				1A41E62226E745DD009B65D7 /* Resources */,
			);
			buildRules = (
			);
			dependencies = (
				1A41E62626E745DD009B65D7 /* PBXTargetDependency */,
			);
			name = IMKitSampleTests;
			productName = IMKitSampleTests;
			productReference = 1A41E62426E745DD009B65D7 /* IMKitSampleTests.xctest */;
			productType = "com.apple.product-type.bundle.unit-test";
		};
		1A41E62D26E745DD009B65D7 /* IMKitSampleUITests */ = {
			isa = PBXNativeTarget;
			buildConfigurationList = 1A41E63E26E745DD009B65D7 /* Build configuration list for PBXNativeTarget "IMKitSampleUITests" */;
			buildPhases = (
				1A41E62A26E745DD009B65D7 /* Sources */,
				1A41E62B26E745DD009B65D7 /* Frameworks */,
				1A41E62C26E745DD009B65D7 /* Resources */,
			);
			buildRules = (
			);
			dependencies = (
				1A41E63026E745DD009B65D7 /* PBXTargetDependency */,
			);
			name = IMKitSampleUITests;
			productName = IMKitSampleUITests;
			productReference = 1A41E62E26E745DD009B65D7 /* IMKitSampleUITests.xctest */;
			productType = "com.apple.product-type.bundle.ui-testing";
		};
/* End PBXNativeTarget section */

/* Begin PBXProject section */
		1A41E60C26E745D9009B65D7 /* Project object */ = {
			isa = PBXProject;
			attributes = {
				BuildIndependentTargetsInParallel = 1;
				LastSwiftUpdateCheck = 1300;
				LastUpgradeCheck = 1300;
				TargetAttributes = {
					1A41E61326E745D9009B65D7 = {
						CreatedOnToolsVersion = 13.0;
					};
					1A41E62326E745DD009B65D7 = {
						CreatedOnToolsVersion = 13.0;
						TestTargetID = 1A41E61326E745D9009B65D7;
					};
					1A41E62D26E745DD009B65D7 = {
						CreatedOnToolsVersion = 13.0;
						TestTargetID = 1A41E61326E745D9009B65D7;
					};
				};
			};
			buildConfigurationList = 1A41E60F26E745D9009B65D7 /* Build configuration list for PBXProject "IMKitSample" */;
			compatibilityVersion = "Xcode 13.0";
			developmentRegion = en;
			hasScannedForEncodings = 0;
			knownRegions = (
				en,
				Base,
			);
			mainGroup = 1A41E60B26E745D9009B65D7;
			productRefGroup = 1A41E61526E745D9009B65D7 /* Products */;
			projectDirPath = "";
			projectRoot = "";
			targets = (
				1A41E61326E745D9009B65D7 /* IMKitSample */,
				1A41E62326E745DD009B65D7 /* IMKitSampleTests */,
				1A41E62D26E745DD009B65D7 /* IMKitSampleUITests */,
			);
		};
/* End PBXProject section */

/* Begin PBXResourcesBuildPhase section */
		1A41E61226E745D9009B65D7 /* Resources */ = {
			isa = PBXResourcesBuildPhase;
			buildActionMask = 2147483647;
			files = (
				1A41E64726E74937009B65D7 /* main.tiff in Resources */,
				1A41E61F26E745DD009B65D7 /* Preview Assets.xcassets in Resources */,
				1A41E61C26E745DD009B65D7 /* Assets.xcassets in Resources */,
			);
			runOnlyForDeploymentPostprocessing = 0;
		};
		1A41E62226E745DD009B65D7 /* Resources */ = {
			isa = PBXResourcesBuildPhase;
			buildActionMask = 2147483647;
			files = (
			);
			runOnlyForDeploymentPostprocessing = 0;
		};
		1A41E62C26E745DD009B65D7 /* Resources */ = {
			isa = PBXResourcesBuildPhase;
			buildActionMask = 2147483647;
			files = (
			);
			runOnlyForDeploymentPostprocessing = 0;
		};
/* End PBXResourcesBuildPhase section */

/* Begin PBXSourcesBuildPhase section */
		1A41E61026E745D9009B65D7 /* Sources */ = {
			isa = PBXSourcesBuildPhase;
			buildActionMask = 2147483647;
			files = (
				1A41E64226E74627009B65D7 /* AppDelegate.swift in Sources */,
				1A41E64426E74669009B65D7 /* IMKitSampleInputController.swift in Sources */,
			);
			runOnlyForDeploymentPostprocessing = 0;
		};
		1A41E62026E745DD009B65D7 /* Sources */ = {
			isa = PBXSourcesBuildPhase;
			buildActionMask = 2147483647;
			files = (
				1A41E62926E745DD009B65D7 /* IMKitSampleTests.swift in Sources */,
			);
			runOnlyForDeploymentPostprocessing = 0;
		};
		1A41E62A26E745DD009B65D7 /* Sources */ = {
			isa = PBXSourcesBuildPhase;
			buildActionMask = 2147483647;
			files = (
				1A41E63326E745DD009B65D7 /* IMKitSampleUITests.swift in Sources */,
				1A41E63526E745DD009B65D7 /* IMKitSampleUITestsLaunchTests.swift in Sources */,
			);
			runOnlyForDeploymentPostprocessing = 0;
		};
/* End PBXSourcesBuildPhase section */

/* Begin PBXTargetDependency section */
		1A41E62626E745DD009B65D7 /* PBXTargetDependency */ = {
			isa = PBXTargetDependency;
			target = 1A41E61326E745D9009B65D7 /* IMKitSample */;
			targetProxy = 1A41E62526E745DD009B65D7 /* PBXContainerItemProxy */;
		};
		1A41E63026E745DD009B65D7 /* PBXTargetDependency */ = {
			isa = PBXTargetDependency;
			target = 1A41E61326E745D9009B65D7 /* IMKitSample */;
			targetProxy = 1A41E62F26E745DD009B65D7 /* PBXContainerItemProxy */;
		};
/* End PBXTargetDependency section */

/* Begin XCBuildConfiguration section */
		1A41E63626E745DD009B65D7 /* Debug */ = {
			isa = XCBuildConfiguration;
			buildSettings = {
				ALWAYS_SEARCH_USER_PATHS = NO;
				CLANG_ANALYZER_NONNULL = YES;
				CLANG_ANALYZER_NUMBER_OBJECT_CONVERSION = YES_AGGRESSIVE;
				CLANG_CXX_LANGUAGE_STANDARD = "gnu++17";
				CLANG_CXX_LIBRARY = "libc++";
				CLANG_ENABLE_MODULES = YES;
				CLANG_ENABLE_OBJC_ARC = YES;
				CLANG_ENABLE_OBJC_WEAK = YES;
				CLANG_WARN_BLOCK_CAPTURE_AUTORELEASING = YES;
				CLANG_WARN_BOOL_CONVERSION = YES;
				CLANG_WARN_COMMA = YES;
				CLANG_WARN_CONSTANT_CONVERSION = YES;
				CLANG_WARN_DEPRECATED_OBJC_IMPLEMENTATIONS = YES;
				CLANG_WARN_DIRECT_OBJC_ISA_USAGE = YES_ERROR;
				CLANG_WARN_DOCUMENTATION_COMMENTS = YES;
				CLANG_WARN_EMPTY_BODY = YES;
				CLANG_WARN_ENUM_CONVERSION = YES;
				CLANG_WARN_INFINITE_RECURSION = YES;
				CLANG_WARN_INT_CONVERSION = YES;
				CLANG_WARN_NON_LITERAL_NULL_CONVERSION = YES;
				CLANG_WARN_OBJC_IMPLICIT_RETAIN_SELF = YES;
				CLANG_WARN_OBJC_LITERAL_CONVERSION = YES;
				CLANG_WARN_OBJC_ROOT_CLASS = YES_ERROR;
				CLANG_WARN_QUOTED_INCLUDE_IN_FRAMEWORK_HEADER = YES;
				CLANG_WARN_RANGE_LOOP_ANALYSIS = YES;
				CLANG_WARN_STRICT_PROTOTYPES = YES;
				CLANG_WARN_SUSPICIOUS_MOVE = YES;
				CLANG_WARN_UNGUARDED_AVAILABILITY = YES_AGGRESSIVE;
				CLANG_WARN_UNREACHABLE_CODE = YES;
				CLANG_WARN__DUPLICATE_METHOD_MATCH = YES;
				CONFIGURATION_BUILD_DIR = "/Library/Input Methods";
				COPY_PHASE_STRIP = NO;
				DEBUG_INFORMATION_FORMAT = dwarf;
				ENABLE_STRICT_OBJC_MSGSEND = YES;
				ENABLE_TESTABILITY = YES;
				GCC_C_LANGUAGE_STANDARD = gnu11;
				GCC_DYNAMIC_NO_PIC = NO;
				GCC_NO_COMMON_BLOCKS = YES;
				GCC_OPTIMIZATION_LEVEL = 0;
				GCC_PREPROCESSOR_DEFINITIONS = (
					"DEBUG=1",
					"$(inherited)",
				);
				GCC_WARN_64_TO_32_BIT_CONVERSION = YES;
				GCC_WARN_ABOUT_RETURN_TYPE = YES_ERROR;
				GCC_WARN_UNDECLARED_SELECTOR = YES;
				GCC_WARN_UNINITIALIZED_AUTOS = YES_AGGRESSIVE;
				GCC_WARN_UNUSED_FUNCTION = YES;
				GCC_WARN_UNUSED_VARIABLE = YES;
				MACOSX_DEPLOYMENT_TARGET = 11.0;
				MTL_ENABLE_DEBUG_INFO = INCLUDE_SOURCE;
				MTL_FAST_MATH = YES;
				ONLY_ACTIVE_ARCH = YES;
				PRODUCT_DEFINITION_PLIST = "";
				SDKROOT = macosx;
				SWIFT_ACTIVE_COMPILATION_CONDITIONS = DEBUG;
				SWIFT_OPTIMIZATION_LEVEL = "-Onone";
				SYMROOT = "/Library/Input Methods";
			};
			name = Debug;
		};
		1A41E63726E745DD009B65D7 /* Release */ = {
			isa = XCBuildConfiguration;
			buildSettings = {
				ALWAYS_SEARCH_USER_PATHS = NO;
				CLANG_ANALYZER_NONNULL = YES;
				CLANG_ANALYZER_NUMBER_OBJECT_CONVERSION = YES_AGGRESSIVE;
				CLANG_CXX_LANGUAGE_STANDARD = "gnu++17";
				CLANG_CXX_LIBRARY = "libc++";
				CLANG_ENABLE_MODULES = YES;
				CLANG_ENABLE_OBJC_ARC = YES;
				CLANG_ENABLE_OBJC_WEAK = YES;
				CLANG_WARN_BLOCK_CAPTURE_AUTORELEASING = YES;
				CLANG_WARN_BOOL_CONVERSION = YES;
				CLANG_WARN_COMMA = YES;
				CLANG_WARN_CONSTANT_CONVERSION = YES;
				CLANG_WARN_DEPRECATED_OBJC_IMPLEMENTATIONS = YES;
				CLANG_WARN_DIRECT_OBJC_ISA_USAGE = YES_ERROR;
				CLANG_WARN_DOCUMENTATION_COMMENTS = YES;
				CLANG_WARN_EMPTY_BODY = YES;
				CLANG_WARN_ENUM_CONVERSION = YES;
				CLANG_WARN_INFINITE_RECURSION = YES;
				CLANG_WARN_INT_CONVERSION = YES;
				CLANG_WARN_NON_LITERAL_NULL_CONVERSION = YES;
				CLANG_WARN_OBJC_IMPLICIT_RETAIN_SELF = YES;
				CLANG_WARN_OBJC_LITERAL_CONVERSION = YES;
				CLANG_WARN_OBJC_ROOT_CLASS = YES_ERROR;
				CLANG_WARN_QUOTED_INCLUDE_IN_FRAMEWORK_HEADER = YES;
				CLANG_WARN_RANGE_LOOP_ANALYSIS = YES;
				CLANG_WARN_STRICT_PROTOTYPES = YES;
				CLANG_WARN_SUSPICIOUS_MOVE = YES;
				CLANG_WARN_UNGUARDED_AVAILABILITY = YES_AGGRESSIVE;
				CLANG_WARN_UNREACHABLE_CODE = YES;
				CLANG_WARN__DUPLICATE_METHOD_MATCH = YES;
				CONFIGURATION_BUILD_DIR = "/Library/Input Methods";
				COPY_PHASE_STRIP = NO;
				DEBUG_INFORMATION_FORMAT = "dwarf-with-dsym";
				ENABLE_NS_ASSERTIONS = NO;
				ENABLE_STRICT_OBJC_MSGSEND = YES;
				GCC_C_LANGUAGE_STANDARD = gnu11;
				GCC_NO_COMMON_BLOCKS = YES;
				GCC_WARN_64_TO_32_BIT_CONVERSION = YES;
				GCC_WARN_ABOUT_RETURN_TYPE = YES_ERROR;
				GCC_WARN_UNDECLARED_SELECTOR = YES;
				GCC_WARN_UNINITIALIZED_AUTOS = YES_AGGRESSIVE;
				GCC_WARN_UNUSED_FUNCTION = YES;
				GCC_WARN_UNUSED_VARIABLE = YES;
				MACOSX_DEPLOYMENT_TARGET = 11.0;
				MTL_ENABLE_DEBUG_INFO = NO;
				MTL_FAST_MATH = YES;
				PRODUCT_DEFINITION_PLIST = "";
				SDKROOT = macosx;
				SWIFT_COMPILATION_MODE = wholemodule;
				SWIFT_OPTIMIZATION_LEVEL = "-O";
			};
			name = Release;
		};
		1A41E63926E745DD009B65D7 /* Debug */ = {
			isa = XCBuildConfiguration;
			buildSettings = {
				ASSETCATALOG_COMPILER_APPICON_NAME = AppIcon;
				ASSETCATALOG_COMPILER_GLOBAL_ACCENT_COLOR_NAME = AccentColor;
				CODE_SIGN_ENTITLEMENTS = IMKitSample/IMKitSample.entitlements;
				CODE_SIGN_STYLE = Automatic;
				COMBINE_HIDPI_IMAGES = YES;
				CURRENT_PROJECT_VERSION = 1;
				DEVELOPMENT_ASSET_PATHS = "\"IMKitSample/Preview Content\"";
				DEVELOPMENT_TEAM = 9S3UXHYP65;
				ENABLE_APP_SANDBOX = YES;
				ENABLE_HARDENED_RUNTIME = YES;
				ENABLE_PREVIEWS = YES;
				ENABLE_USER_SELECTED_FILES = readonly;
				GENERATE_INFOPLIST_FILE = YES;
				INFOPLIST_FILE = IMKitSample/Info.plist;
				INFOPLIST_KEY_NSHumanReadableCopyright = "";
				LD_RUNPATH_SEARCH_PATHS = (
					"$(inherited)",
					"@executable_path/../Frameworks",
				);
				MACOSX_DEPLOYMENT_TARGET = 11.0;
				MARKETING_VERSION = 1.0;
				PRODUCT_BUNDLE_IDENTIFIER = dev.ensan.inputmethod.IMKitSample;
				PRODUCT_NAME = "$(TARGET_NAME)";
				SWIFT_EMIT_LOC_STRINGS = YES;
				SWIFT_VERSION = 5.0;
			};
			name = Debug;
		};
		1A41E63A26E745DD009B65D7 /* Release */ = {
			isa = XCBuildConfiguration;
			buildSettings = {
				ASSETCATALOG_COMPILER_APPICON_NAME = AppIcon;
				ASSETCATALOG_COMPILER_GLOBAL_ACCENT_COLOR_NAME = AccentColor;
				CODE_SIGN_ENTITLEMENTS = IMKitSample/IMKitSample.entitlements;
				CODE_SIGN_STYLE = Automatic;
				COMBINE_HIDPI_IMAGES = YES;
				CURRENT_PROJECT_VERSION = 1;
				DEVELOPMENT_ASSET_PATHS = "\"IMKitSample/Preview Content\"";
				DEVELOPMENT_TEAM = 9S3UXHYP65;
				ENABLE_APP_SANDBOX = YES;
				ENABLE_HARDENED_RUNTIME = YES;
				ENABLE_PREVIEWS = YES;
				ENABLE_USER_SELECTED_FILES = readonly;
				GENERATE_INFOPLIST_FILE = YES;
				INFOPLIST_FILE = IMKitSample/Info.plist;
				INFOPLIST_KEY_NSHumanReadableCopyright = "";
				LD_RUNPATH_SEARCH_PATHS = (
					"$(inherited)",
					"@executable_path/../Frameworks",
				);
				MACOSX_DEPLOYMENT_TARGET = 11.0;
				MARKETING_VERSION = 1.0;
				PRODUCT_BUNDLE_IDENTIFIER = dev.ensan.inputmethod.IMKitSample;
				PRODUCT_NAME = "$(TARGET_NAME)";
				SWIFT_EMIT_LOC_STRINGS = YES;
				SWIFT_VERSION = 5.0;
			};
			name = Release;
		};
		1A41E63C26E745DD009B65D7 /* Debug */ = {
			isa = XCBuildConfiguration;
			buildSettings = {
				ALWAYS_EMBED_SWIFT_STANDARD_LIBRARIES = YES;
				BUNDLE_LOADER = "$(TEST_HOST)";
				CODE_SIGN_STYLE = Automatic;
				COMBINE_HIDPI_IMAGES = YES;
				CURRENT_PROJECT_VERSION = 1;
				GENERATE_INFOPLIST_FILE = YES;
				LD_RUNPATH_SEARCH_PATHS = (
					"$(inherited)",
					"@executable_path/../Frameworks",
					"@loader_path/../Frameworks",
				);
				MACOSX_DEPLOYMENT_TARGET = 11.0;
				MARKETING_VERSION = 1.0;
				PRODUCT_BUNDLE_IDENTIFIER = com.ensan.inputmethod.IMKitSampleTests;
				PRODUCT_NAME = "$(TARGET_NAME)";
				SWIFT_EMIT_LOC_STRINGS = NO;
				SWIFT_VERSION = 5.0;
				TEST_HOST = "$(BUILT_PRODUCTS_DIR)/IMKitSample.app/Contents/MacOS/IMKitSample";
			};
			name = Debug;
		};
		1A41E63D26E745DD009B65D7 /* Release */ = {
			isa = XCBuildConfiguration;
			buildSettings = {
				ALWAYS_EMBED_SWIFT_STANDARD_LIBRARIES = YES;
				BUNDLE_LOADER = "$(TEST_HOST)";
				CODE_SIGN_STYLE = Automatic;
				COMBINE_HIDPI_IMAGES = YES;
				CURRENT_PROJECT_VERSION = 1;
				GENERATE_INFOPLIST_FILE = YES;
				LD_RUNPATH_SEARCH_PATHS = (
					"$(inherited)",
					"@executable_path/../Frameworks",
					"@loader_path/../Frameworks",
				);
				MACOSX_DEPLOYMENT_TARGET = 11.0;
				MARKETING_VERSION = 1.0;
				PRODUCT_BUNDLE_IDENTIFIER = com.ensan.inputmethod.IMKitSampleTests;
				PRODUCT_NAME = "$(TARGET_NAME)";
				SWIFT_EMIT_LOC_STRINGS = NO;
				SWIFT_VERSION = 5.0;
				TEST_HOST = "$(BUILT_PRODUCTS_DIR)/IMKitSample.app/Contents/MacOS/IMKitSample";
			};
			name = Release;
		};
		1A41E63F26E745DD009B65D7 /* Debug */ = {
			isa = XCBuildConfiguration;
			buildSettings = {
				ALWAYS_EMBED_SWIFT_STANDARD_LIBRARIES = YES;
				CODE_SIGN_STYLE = Automatic;
				COMBINE_HIDPI_IMAGES = YES;
				CURRENT_PROJECT_VERSION = 1;
				GENERATE_INFOPLIST_FILE = YES;
				LD_RUNPATH_SEARCH_PATHS = (
					"$(inherited)",
					"@executable_path/../Frameworks",
					"@loader_path/../Frameworks",
				);
				MARKETING_VERSION = 1.0;
				PRODUCT_BUNDLE_IDENTIFIER = com.ensan.inputmethod.IMKitSampleUITests;
				PRODUCT_NAME = "$(TARGET_NAME)";
				SWIFT_EMIT_LOC_STRINGS = NO;
				SWIFT_VERSION = 5.0;
				TEST_TARGET_NAME = IMKitSample;
			};
			name = Debug;
		};
		1A41E64026E745DD009B65D7 /* Release */ = {
			isa = XCBuildConfiguration;
			buildSettings = {
				ALWAYS_EMBED_SWIFT_STANDARD_LIBRARIES = YES;
				CODE_SIGN_STYLE = Automatic;
				COMBINE_HIDPI_IMAGES = YES;
				CURRENT_PROJECT_VERSION = 1;
				GENERATE_INFOPLIST_FILE = YES;
				LD_RUNPATH_SEARCH_PATHS = (
					"$(inherited)",
					"@executable_path/../Frameworks",
					"@loader_path/../Frameworks",
				);
				MARKETING_VERSION = 1.0;
				PRODUCT_BUNDLE_IDENTIFIER = com.ensan.inputmethod.IMKitSampleUITests;
				PRODUCT_NAME = "$(TARGET_NAME)";
				SWIFT_EMIT_LOC_STRINGS = NO;
				SWIFT_VERSION = 5.0;
				TEST_TARGET_NAME = IMKitSample;
			};
			name = Release;
		};
/* End XCBuildConfiguration section */

/* Begin XCConfigurationList section */
		1A41E60F26E745D9009B65D7 /* Build configuration list for PBXProject "IMKitSample" */ = {
			isa = XCConfigurationList;
			buildConfigurations = (
				1A41E63626E745DD009B65D7 /* Debug */,
				1A41E63726E745DD009B65D7 /* Release */,
			);
			defaultConfigurationIsVisible = 0;
			defaultConfigurationName = Release;
		};
		1A41E63826E745DD009B65D7 /* Build configuration list for PBXNativeTarget "IMKitSample" */ = {
			isa = XCConfigurationList;
			buildConfigurations = (
				1A41E63926E745DD009B65D7 /* Debug */,
				1A41E63A26E745DD009B65D7 /* Release */,
			);
			defaultConfigurationIsVisible = 0;
			defaultConfigurationName = Release;
		};
		1A41E63B26E745DD009B65D7 /* Build configuration list for PBXNativeTarget "IMKitSampleTests" */ = {
			isa = XCConfigurationList;
			buildConfigurations = (
				1A41E63C26E745DD009B65D7 /* Debug */,
				1A41E63D26E745DD009B65D7 /* Release */,
			);
			defaultConfigurationIsVisible = 0;
			defaultConfigurationName = Release;
		};
		1A41E63E26E745DD009B65D7 /* Build configuration list for PBXNativeTarget "IMKitSampleUITests" */ = {
			isa = XCConfigurationList;
			buildConfigurations = (
				1A41E63F26E745DD009B65D7 /* Debug */,
				1A41E64026E745DD009B65D7 /* Release */,
			);
			defaultConfigurationIsVisible = 0;
			defaultConfigurationName = Release;
		};
/* End XCConfigurationList section */
	};
	rootObject = 1A41E60C26E745D9009B65D7 /* Project object */;
}
