// !$*UTF8*$!
{
	archiveVersion = 1;
	classes = {
	};
	objectVersion = 70;
	objects = {

/* Begin PBXBuildFile section */
		1A41E61C26E745DD009B65D7 /* Assets.xcassets in Resources */ = {isa = PBXBuildFile; fileRef = 1A41E61B26E745DD009B65D7 /* Assets.xcassets */; };
		1A41E64226E74627009B65D7 /* AppDelegate.swift in Sources */ = {isa = PBXBuildFile; fileRef = 1A41E64126E74627009B65D7 /* AppDelegate.swift */; };
		1A41E64726E74937009B65D7 /* main.tiff in Resources */ = {isa = PBXBuildFile; fileRef = 1A41E64626E74937009B65D7 /* main.tiff */; };
		5557C42C2BF3C9140048F976 /* zenz-v2-Q5_K_M.gguf in Resources */ = {isa = PBXBuildFile; fileRef = 5557C42B2BF3C9130048F976 /* zenz-v2-Q5_K_M.gguf */; };
		556C52FB2BAAAF7E00EB343F /* en.tiff in Resources */ = {isa = PBXBuildFile; fileRef = 556C52F92BAAAF7D00EB343F /* en.tiff */; };
		556C52FC2BAAAF7E00EB343F /* en@2x.tiff in Resources */ = {isa = PBXBuildFile; fileRef = 556C52FA2BAAAF7D00EB343F /* en@2x.tiff */; };
		55A27D022BAAADDB00512DCD /* InfoPlist.strings in Resources */ = {isa = PBXBuildFile; fileRef = 55A27D002BAAADDB00512DCD /* InfoPlist.strings */; };
		55A9C54B2BA847A1007F6F02 /* main@2x.tiff in Resources */ = {isa = PBXBuildFile; fileRef = 55A9C54A2BA847A1007F6F02 /* main@2x.tiff */; };
		55E0A5BE2BA8AE3200FACF50 /* KanaKanjiConverterModuleWithDefaultDictionary in Frameworks */ = {isa = PBXBuildFile; productRef = 55E0A5BD2BA8AE3200FACF50 /* KanaKanjiConverterModuleWithDefaultDictionary */; };
		55E0A5C02BA8AE3200FACF50 /* SwiftUtils in Frameworks */ = {isa = PBXBuildFile; productRef = 55E0A5BF2BA8AE3200FACF50 /* SwiftUtils */; };
		E91CED872D525C9000C9C00F /* SwiftNGram in Frameworks */ = {isa = PBXBuildFile; productRef = E91CED862D525C9000C9C00F /* SwiftNGram */; };
/* End PBXBuildFile section */

/* Begin PBXContainerItemProxy section */
		1A41E62526E745DD009B65D7 /* PBXContainerItemProxy */ = {
			isa = PBXContainerItemProxy;
			containerPortal = 1A41E60C26E745D9009B65D7 /* Project object */;
			proxyType = 1;
			remoteGlobalIDString = 1A41E61326E745D9009B65D7;
			remoteInfo = azooKeyMac;
		};
		1A41E62F26E745DD009B65D7 /* PBXContainerItemProxy */ = {
			isa = PBXContainerItemProxy;
			containerPortal = 1A41E60C26E745D9009B65D7 /* Project object */;
			proxyType = 1;
			remoteGlobalIDString = 1A41E61326E745D9009B65D7;
			remoteInfo = azooKeyMac;
		};
/* End PBXContainerItemProxy section */

/* Begin PBXFileReference section */
		1A41E61426E745D9009B65D7 /* azooKeyMac.app */ = {isa = PBXFileReference; explicitFileType = wrapper.application; includeInIndex = 0; path = azooKeyMac.app; sourceTree = BUILT_PRODUCTS_DIR; };
		1A41E61B26E745DD009B65D7 /* Assets.xcassets */ = {isa = PBXFileReference; lastKnownFileType = folder.assetcatalog; path = Assets.xcassets; sourceTree = "<group>"; };
		1A41E62426E745DD009B65D7 /* azooKeyMacTests.xctest */ = {isa = PBXFileReference; explicitFileType = wrapper.cfbundle; includeInIndex = 0; path = azooKeyMacTests.xctest; sourceTree = BUILT_PRODUCTS_DIR; };
		1A41E62E26E745DD009B65D7 /* azooKeyMacUITests.xctest */ = {isa = PBXFileReference; explicitFileType = wrapper.cfbundle; includeInIndex = 0; path = azooKeyMacUITests.xctest; sourceTree = BUILT_PRODUCTS_DIR; };
		1A41E64126E74627009B65D7 /* AppDelegate.swift */ = {isa = PBXFileReference; lastKnownFileType = sourcecode.swift; path = AppDelegate.swift; sourceTree = "<group>"; };
		1A41E64526E7470D009B65D7 /* Info.plist */ = {isa = PBXFileReference; lastKnownFileType = text.plist; path = Info.plist; sourceTree = "<group>"; };
		1A41E64626E74937009B65D7 /* main.tiff */ = {isa = PBXFileReference; lastKnownFileType = image.tiff; name = main.tiff; path = azooKeyMac/main.tiff; sourceTree = SOURCE_ROOT; };
		1A41E64826E7495A009B65D7 /* azooKeyMac.entitlements */ = {isa = PBXFileReference; lastKnownFileType = text.plist.entitlements; path = azooKeyMac.entitlements; sourceTree = "<group>"; };
		5557C42B2BF3C9130048F976 /* zenz-v2-Q5_K_M.gguf */ = {isa = PBXFileReference; lastKnownFileType = file; name = "zenz-v2-Q5_K_M.gguf"; path = "zenz-v2-gguf/zenz-v2-Q5_K_M.gguf"; sourceTree = "<group>"; };
		556C52F92BAAAF7D00EB343F /* en.tiff */ = {isa = PBXFileReference; lastKnownFileType = image.tiff; path = en.tiff; sourceTree = "<group>"; };
		556C52FA2BAAAF7D00EB343F /* en@2x.tiff */ = {isa = PBXFileReference; lastKnownFileType = image.tiff; path = "en@2x.tiff"; sourceTree = "<group>"; };
		55A27D012BAAADDB00512DCD /* en */ = {isa = PBXFileReference; lastKnownFileType = text.plist.strings; name = en; path = en.lproj/InfoPlist.strings; sourceTree = "<group>"; };
		55A9C54A2BA847A1007F6F02 /* main@2x.tiff */ = {isa = PBXFileReference; lastKnownFileType = image.tiff; path = "main@2x.tiff"; sourceTree = "<group>"; };
/* End PBXFileReference section */

/* Begin PBXFileSystemSynchronizedRootGroup section */
		55CE06C72CB01F000002DAF1 /* InputController */ = {isa = PBXFileSystemSynchronizedRootGroup; explicitFileTypes = {}; explicitFolders = (); path = InputController; sourceTree = "<group>"; };
		55CE06D72CB01F080002DAF1 /* Configs */ = {isa = PBXFileSystemSynchronizedRootGroup; explicitFileTypes = {}; explicitFolders = (); path = Configs; sourceTree = "<group>"; };
		55CE06DF2CB01F130002DAF1 /* KeyMap */ = {isa = PBXFileSystemSynchronizedRootGroup; explicitFileTypes = {}; explicitFolders = (); path = KeyMap; sourceTree = "<group>"; };
		55CE06E42CB01F130002DAF1 /* Extensions */ = {isa = PBXFileSystemSynchronizedRootGroup; explicitFileTypes = {}; explicitFolders = (); path = Extensions; sourceTree = "<group>"; };
		55CE06E92CB01F130002DAF1 /* Windows */ = {isa = PBXFileSystemSynchronizedRootGroup; explicitFileTypes = {}; explicitFolders = (); path = Windows; sourceTree = "<group>"; };
		55CE06ED2CB01F160002DAF1 /* azooKeyMacTests */ = {isa = PBXFileSystemSynchronizedRootGroup; explicitFileTypes = {}; explicitFolders = (); path = azooKeyMacTests; sourceTree = "<group>"; };
		55CE06F12CB01F160002DAF1 /* azooKeyMacUITests */ = {isa = PBXFileSystemSynchronizedRootGroup; explicitFileTypes = {}; explicitFolders = (); path = azooKeyMacUITests; sourceTree = "<group>"; };
		55CE06F52CB01F180002DAF1 /* Preview Content */ = {isa = PBXFileSystemSynchronizedRootGroup; explicitFileTypes = {}; explicitFolders = (); path = "Preview Content"; sourceTree = "<group>"; };
/* End PBXFileSystemSynchronizedRootGroup section */

/* Begin PBXFrameworksBuildPhase section */
		1A41E61126E745D9009B65D7 /* Frameworks */ = {
			isa = PBXFrameworksBuildPhase;
			buildActionMask = 2147483647;
			files = (
				55E0A5C02BA8AE3200FACF50 /* SwiftUtils in Frameworks */,
				55E0A5BE2BA8AE3200FACF50 /* KanaKanjiConverterModuleWithDefaultDictionary in Frameworks */,
				E91CED872D525C9000C9C00F /* SwiftNGram in Frameworks */,
			);
			runOnlyForDeploymentPostprocessing = 0;
		};
		1A41E62126E745DD009B65D7 /* Frameworks */ = {
			isa = PBXFrameworksBuildPhase;
			buildActionMask = 2147483647;
			files = (
			);
			runOnlyForDeploymentPostprocessing = 0;
		};
		1A41E62B26E745DD009B65D7 /* Frameworks */ = {
			isa = PBXFrameworksBuildPhase;
			buildActionMask = 2147483647;
			files = (
			);
			runOnlyForDeploymentPostprocessing = 0;
		};
/* End PBXFrameworksBuildPhase section */

/* Begin PBXGroup section */
		1A41E60B26E745D9009B65D7 = {
			isa = PBXGroup;
			children = (
				1A41E61626E745D9009B65D7 /* azooKeyMac */,
				55CE06ED2CB01F160002DAF1 /* azooKeyMacTests */,
				55CE06F12CB01F160002DAF1 /* azooKeyMacUITests */,
				1A41E61526E745D9009B65D7 /* Products */,
			);
			sourceTree = "<group>";
		};
		1A41E61526E745D9009B65D7 /* Products */ = {
			isa = PBXGroup;
			children = (
				1A41E61426E745D9009B65D7 /* azooKeyMac.app */,
				1A41E62426E745DD009B65D7 /* azooKeyMacTests.xctest */,
				1A41E62E26E745DD009B65D7 /* azooKeyMacUITests.xctest */,
			);
			name = Products;
			sourceTree = "<group>";
		};
		1A41E61626E745D9009B65D7 /* azooKeyMac */ = {
			isa = PBXGroup;
			children = (
				55CE06C72CB01F000002DAF1 /* InputController */,
				1A41E64526E7470D009B65D7 /* Info.plist */,
				55A27D002BAAADDB00512DCD /* InfoPlist.strings */,
				1A41E64826E7495A009B65D7 /* azooKeyMac.entitlements */,
				1A41E64126E74627009B65D7 /* AppDelegate.swift */,
				55CE06D72CB01F080002DAF1 /* Configs */,
				55CE06E92CB01F130002DAF1 /* Windows */,
				55CE06DF2CB01F130002DAF1 /* KeyMap */,
				55CE06E42CB01F130002DAF1 /* Extensions */,
				55E1E7412BEF63AE0084A069 /* Resources */,
				1A41E61B26E745DD009B65D7 /* Assets.xcassets */,
				1A41E64626E74937009B65D7 /* main.tiff */,
				55A9C54A2BA847A1007F6F02 /* main@2x.tiff */,
				556C52F92BAAAF7D00EB343F /* en.tiff */,
				556C52FA2BAAAF7D00EB343F /* en@2x.tiff */,
				55CE06F52CB01F180002DAF1 /* Preview Content */,
			);
			path = azooKeyMac;
			sourceTree = "<group>";
		};
		55E1E7412BEF63AE0084A069 /* Resources */ = {
			isa = PBXGroup;
			children = (
				5557C42B2BF3C9130048F976 /* zenz-v2-Q5_K_M.gguf */,
			);
			path = Resources;
			sourceTree = "<group>";
		};
/* End PBXGroup section */

/* Begin PBXNativeTarget section */
		1A41E61326E745D9009B65D7 /* azooKeyMac */ = {
			isa = PBXNativeTarget;
			buildConfigurationList = 1A41E63826E745DD009B65D7 /* Build configuration list for PBXNativeTarget "azooKeyMac" */;
			buildPhases = (
				1A41E61026E745D9009B65D7 /* Sources */,
				1A41E61126E745D9009B65D7 /* Frameworks */,
				1A41E61226E745D9009B65D7 /* Resources */,
			);
			buildRules = (
			);
			dependencies = (
			);
			fileSystemSynchronizedGroups = (
				55CE06C72CB01F000002DAF1 /* InputController */,
				55CE06D72CB01F080002DAF1 /* Configs */,
				55CE06DF2CB01F130002DAF1 /* KeyMap */,
				55CE06E42CB01F130002DAF1 /* Extensions */,
				55CE06E92CB01F130002DAF1 /* Windows */,
				55CE06F52CB01F180002DAF1 /* Preview Content */,
			);
			name = azooKeyMac;
			packageProductDependencies = (
				55E0A5BD2BA8AE3200FACF50 /* KanaKanjiConverterModuleWithDefaultDictionary */,
				55E0A5BF2BA8AE3200FACF50 /* SwiftUtils */,
				E91CED862D525C9000C9C00F /* SwiftNGram */,
			);
			productName = azooKeyMac;
			productReference = 1A41E61426E745D9009B65D7 /* azooKeyMac.app */;
			productType = "com.apple.product-type.application";
		};
		1A41E62326E745DD009B65D7 /* azooKeyMacTests */ = {
			isa = PBXNativeTarget;
			buildConfigurationList = 1A41E63B26E745DD009B65D7 /* Build configuration list for PBXNativeTarget "azooKeyMacTests" */;
			buildPhases = (
				1A41E62026E745DD009B65D7 /* Sources */,
				1A41E62126E745DD009B65D7 /* Frameworks */,
				1A41E62226E745DD009B65D7 /* Resources */,
			);
			buildRules = (
			);
			dependencies = (
				1A41E62626E745DD009B65D7 /* PBXTargetDependency */,
			);
			fileSystemSynchronizedGroups = (
				55CE06ED2CB01F160002DAF1 /* azooKeyMacTests */,
			);
			name = azooKeyMacTests;
			productName = azooKeyMacTests;
			productReference = 1A41E62426E745DD009B65D7 /* azooKeyMacTests.xctest */;
			productType = "com.apple.product-type.bundle.unit-test";
		};
		1A41E62D26E745DD009B65D7 /* azooKeyMacUITests */ = {
			isa = PBXNativeTarget;
			buildConfigurationList = 1A41E63E26E745DD009B65D7 /* Build configuration list for PBXNativeTarget "azooKeyMacUITests" */;
			buildPhases = (
				1A41E62A26E745DD009B65D7 /* Sources */,
				1A41E62B26E745DD009B65D7 /* Frameworks */,
				1A41E62C26E745DD009B65D7 /* Resources */,
			);
			buildRules = (
			);
			dependencies = (
				1A41E63026E745DD009B65D7 /* PBXTargetDependency */,
			);
			fileSystemSynchronizedGroups = (
				55CE06F12CB01F160002DAF1 /* azooKeyMacUITests */,
			);
			name = azooKeyMacUITests;
			productName = azooKeyMacUITests;
			productReference = 1A41E62E26E745DD009B65D7 /* azooKeyMacUITests.xctest */;
			productType = "com.apple.product-type.bundle.ui-testing";
		};
/* End PBXNativeTarget section */

/* Begin PBXProject section */
		1A41E60C26E745D9009B65D7 /* Project object */ = {
			isa = PBXProject;
			attributes = {
				BuildIndependentTargetsInParallel = 1;
				LastSwiftUpdateCheck = 1300;
				LastUpgradeCheck = 1530;
				TargetAttributes = {
					1A41E61326E745D9009B65D7 = {
						CreatedOnToolsVersion = 13.0;
					};
					1A41E62326E745DD009B65D7 = {
						CreatedOnToolsVersion = 13.0;
						TestTargetID = 1A41E61326E745D9009B65D7;
					};
					1A41E62D26E745DD009B65D7 = {
						CreatedOnToolsVersion = 13.0;
						TestTargetID = 1A41E61326E745D9009B65D7;
					};
				};
			};
			buildConfigurationList = 1A41E60F26E745D9009B65D7 /* Build configuration list for PBXProject "azooKeyMac" */;
			compatibilityVersion = "Xcode 13.0";
			developmentRegion = en;
			hasScannedForEncodings = 0;
			knownRegions = (
				en,
				Base,
			);
			mainGroup = 1A41E60B26E745D9009B65D7;
			packageReferences = (
				55E0A5BA2BA8AE3200FACF50 /* XCRemoteSwiftPackageReference "AzooKeyKanaKanjiConverter" */,
				E91CED852D525C9000C9C00F /* XCRemoteSwiftPackageReference "SwiftNGramWiithMarisaTrie" */,
			);
			productRefGroup = 1A41E61526E745D9009B65D7 /* Products */;
			projectDirPath = "";
			projectRoot = "";
			targets = (
				1A41E61326E745D9009B65D7 /* azooKeyMac */,
				1A41E62326E745DD009B65D7 /* azooKeyMacTests */,
				1A41E62D26E745DD009B65D7 /* azooKeyMacUITests */,
			);
		};
/* End PBXProject section */

/* Begin PBXResourcesBuildPhase section */
		1A41E61226E745D9009B65D7 /* Resources */ = {
			isa = PBXResourcesBuildPhase;
			buildActionMask = 2147483647;
			files = (
				1A41E64726E74937009B65D7 /* main.tiff in Resources */,
				556C52FC2BAAAF7E00EB343F /* en@2x.tiff in Resources */,
				55A9C54B2BA847A1007F6F02 /* main@2x.tiff in Resources */,
				556C52FB2BAAAF7E00EB343F /* en.tiff in Resources */,
				5557C42C2BF3C9140048F976 /* zenz-v2-Q5_K_M.gguf in Resources */,
				1A41E61C26E745DD009B65D7 /* Assets.xcassets in Resources */,
				55A27D022BAAADDB00512DCD /* InfoPlist.strings in Resources */,
			);
			runOnlyForDeploymentPostprocessing = 0;
		};
		1A41E62226E745DD009B65D7 /* Resources */ = {
			isa = PBXResourcesBuildPhase;
			buildActionMask = 2147483647;
			files = (
			);
			runOnlyForDeploymentPostprocessing = 0;
		};
		1A41E62C26E745DD009B65D7 /* Resources */ = {
			isa = PBXResourcesBuildPhase;
			buildActionMask = 2147483647;
			files = (
			);
			runOnlyForDeploymentPostprocessing = 0;
		};
/* End PBXResourcesBuildPhase section */

/* Begin PBXSourcesBuildPhase section */
		1A41E61026E745D9009B65D7 /* Sources */ = {
			isa = PBXSourcesBuildPhase;
			buildActionMask = 2147483647;
			files = (
				1A41E64226E74627009B65D7 /* AppDelegate.swift in Sources */,
			);
			runOnlyForDeploymentPostprocessing = 0;
		};
		1A41E62026E745DD009B65D7 /* Sources */ = {
			isa = PBXSourcesBuildPhase;
			buildActionMask = 2147483647;
			files = (
			);
			runOnlyForDeploymentPostprocessing = 0;
		};
		1A41E62A26E745DD009B65D7 /* Sources */ = {
			isa = PBXSourcesBuildPhase;
			buildActionMask = 2147483647;
			files = (
			);
			runOnlyForDeploymentPostprocessing = 0;
		};
/* End PBXSourcesBuildPhase section */

/* Begin PBXTargetDependency section */
		1A41E62626E745DD009B65D7 /* PBXTargetDependency */ = {
			isa = PBXTargetDependency;
			target = 1A41E61326E745D9009B65D7 /* azooKeyMac */;
			targetProxy = 1A41E62526E745DD009B65D7 /* PBXContainerItemProxy */;
		};
		1A41E63026E745DD009B65D7 /* PBXTargetDependency */ = {
			isa = PBXTargetDependency;
			target = 1A41E61326E745D9009B65D7 /* azooKeyMac */;
			targetProxy = 1A41E62F26E745DD009B65D7 /* PBXContainerItemProxy */;
		};
/* End PBXTargetDependency section */

/* Begin PBXVariantGroup section */
		55A27D002BAAADDB00512DCD /* InfoPlist.strings */ = {
			isa = PBXVariantGroup;
			children = (
				55A27D012BAAADDB00512DCD /* en */,
			);
			name = InfoPlist.strings;
			sourceTree = "<group>";
		};
/* End PBXVariantGroup section */

/* Begin XCBuildConfiguration section */
		1A41E63626E745DD009B65D7 /* Debug */ = {
			isa = XCBuildConfiguration;
			buildSettings = {
				ALWAYS_SEARCH_USER_PATHS = NO;
				CLANG_ANALYZER_NONNULL = YES;
				CLANG_ANALYZER_NUMBER_OBJECT_CONVERSION = YES_AGGRESSIVE;
				CLANG_CXX_LANGUAGE_STANDARD = "gnu++17";
				CLANG_CXX_LIBRARY = "libc++";
				CLANG_ENABLE_MODULES = YES;
				CLANG_ENABLE_OBJC_ARC = YES;
				CLANG_ENABLE_OBJC_WEAK = YES;
				CLANG_WARN_BLOCK_CAPTURE_AUTORELEASING = YES;
				CLANG_WARN_BOOL_CONVERSION = YES;
				CLANG_WARN_COMMA = YES;
				CLANG_WARN_CONSTANT_CONVERSION = YES;
				CLANG_WARN_DEPRECATED_OBJC_IMPLEMENTATIONS = YES;
				CLANG_WARN_DIRECT_OBJC_ISA_USAGE = YES_ERROR;
				CLANG_WARN_DOCUMENTATION_COMMENTS = YES;
				CLANG_WARN_EMPTY_BODY = YES;
				CLANG_WARN_ENUM_CONVERSION = YES;
				CLANG_WARN_INFINITE_RECURSION = YES;
				CLANG_WARN_INT_CONVERSION = YES;
				CLANG_WARN_NON_LITERAL_NULL_CONVERSION = YES;
				CLANG_WARN_OBJC_IMPLICIT_RETAIN_SELF = YES;
				CLANG_WARN_OBJC_LITERAL_CONVERSION = YES;
				CLANG_WARN_OBJC_ROOT_CLASS = YES_ERROR;
				CLANG_WARN_QUOTED_INCLUDE_IN_FRAMEWORK_HEADER = YES;
				CLANG_WARN_RANGE_LOOP_ANALYSIS = YES;
				CLANG_WARN_STRICT_PROTOTYPES = YES;
				CLANG_WARN_SUSPICIOUS_MOVE = YES;
				CLANG_WARN_UNGUARDED_AVAILABILITY = YES_AGGRESSIVE;
				CLANG_WARN_UNREACHABLE_CODE = YES;
				CLANG_WARN__DUPLICATE_METHOD_MATCH = YES;
				COPY_PHASE_STRIP = NO;
				DEAD_CODE_STRIPPING = YES;
				DEBUG_INFORMATION_FORMAT = dwarf;
				ENABLE_STRICT_OBJC_MSGSEND = YES;
				ENABLE_TESTABILITY = YES;
				ENABLE_USER_SCRIPT_SANDBOXING = YES;
				GCC_C_LANGUAGE_STANDARD = gnu11;
				GCC_DYNAMIC_NO_PIC = NO;
				GCC_NO_COMMON_BLOCKS = YES;
				GCC_OPTIMIZATION_LEVEL = 0;
				GCC_PREPROCESSOR_DEFINITIONS = (
					"DEBUG=1",
					"$(inherited)",
				);
				GCC_WARN_64_TO_32_BIT_CONVERSION = YES;
				GCC_WARN_ABOUT_RETURN_TYPE = YES_ERROR;
				GCC_WARN_UNDECLARED_SELECTOR = YES;
				GCC_WARN_UNINITIALIZED_AUTOS = YES_AGGRESSIVE;
				GCC_WARN_UNUSED_FUNCTION = YES;
				GCC_WARN_UNUSED_VARIABLE = YES;
				MACOSX_DEPLOYMENT_TARGET = 12.0;
				MTL_ENABLE_DEBUG_INFO = INCLUDE_SOURCE;
				MTL_FAST_MATH = YES;
				ONLY_ACTIVE_ARCH = YES;
				PRODUCT_DEFINITION_PLIST = "";
				SDKROOT = macosx;
				SWIFT_ACTIVE_COMPILATION_CONDITIONS = DEBUG;
				SWIFT_OPTIMIZATION_LEVEL = "-Onone";
				SYMROOT = build;
			};
			name = Debug;
		};
		1A41E63726E745DD009B65D7 /* Release */ = {
			isa = XCBuildConfiguration;
			buildSettings = {
				ALWAYS_SEARCH_USER_PATHS = NO;
				CLANG_ANALYZER_NONNULL = YES;
				CLANG_ANALYZER_NUMBER_OBJECT_CONVERSION = YES_AGGRESSIVE;
				CLANG_CXX_LANGUAGE_STANDARD = "gnu++17";
				CLANG_CXX_LIBRARY = "libc++";
				CLANG_ENABLE_MODULES = YES;
				CLANG_ENABLE_OBJC_ARC = YES;
				CLANG_ENABLE_OBJC_WEAK = YES;
				CLANG_WARN_BLOCK_CAPTURE_AUTORELEASING = YES;
				CLANG_WARN_BOOL_CONVERSION = YES;
				CLANG_WARN_COMMA = YES;
				CLANG_WARN_CONSTANT_CONVERSION = YES;
				CLANG_WARN_DEPRECATED_OBJC_IMPLEMENTATIONS = YES;
				CLANG_WARN_DIRECT_OBJC_ISA_USAGE = YES_ERROR;
				CLANG_WARN_DOCUMENTATION_COMMENTS = YES;
				CLANG_WARN_EMPTY_BODY = YES;
				CLANG_WARN_ENUM_CONVERSION = YES;
				CLANG_WARN_INFINITE_RECURSION = YES;
				CLANG_WARN_INT_CONVERSION = YES;
				CLANG_WARN_NON_LITERAL_NULL_CONVERSION = YES;
				CLANG_WARN_OBJC_IMPLICIT_RETAIN_SELF = YES;
				CLANG_WARN_OBJC_LITERAL_CONVERSION = YES;
				CLANG_WARN_OBJC_ROOT_CLASS = YES_ERROR;
				CLANG_WARN_QUOTED_INCLUDE_IN_FRAMEWORK_HEADER = YES;
				CLANG_WARN_RANGE_LOOP_ANALYSIS = YES;
				CLANG_WARN_STRICT_PROTOTYPES = YES;
				CLANG_WARN_SUSPICIOUS_MOVE = YES;
				CLANG_WARN_UNGUARDED_AVAILABILITY = YES_AGGRESSIVE;
				CLANG_WARN_UNREACHABLE_CODE = YES;
				CLANG_WARN__DUPLICATE_METHOD_MATCH = YES;
				COPY_PHASE_STRIP = NO;
				DEAD_CODE_STRIPPING = YES;
				DEBUG_INFORMATION_FORMAT = "dwarf-with-dsym";
				ENABLE_NS_ASSERTIONS = NO;
				ENABLE_STRICT_OBJC_MSGSEND = YES;
				ENABLE_USER_SCRIPT_SANDBOXING = YES;
				GCC_C_LANGUAGE_STANDARD = gnu11;
				GCC_NO_COMMON_BLOCKS = YES;
				GCC_WARN_64_TO_32_BIT_CONVERSION = YES;
				GCC_WARN_ABOUT_RETURN_TYPE = YES_ERROR;
				GCC_WARN_UNDECLARED_SELECTOR = YES;
				GCC_WARN_UNINITIALIZED_AUTOS = YES_AGGRESSIVE;
				GCC_WARN_UNUSED_FUNCTION = YES;
				GCC_WARN_UNUSED_VARIABLE = YES;
				MACOSX_DEPLOYMENT_TARGET = 12.0;
				MTL_ENABLE_DEBUG_INFO = NO;
				MTL_FAST_MATH = YES;
				PRODUCT_DEFINITION_PLIST = "";
				SDKROOT = macosx;
				SWIFT_COMPILATION_MODE = wholemodule;
				SWIFT_OPTIMIZATION_LEVEL = "-O";
				SYMROOT = build;
			};
			name = Release;
		};
		1A41E63926E745DD009B65D7 /* Debug */ = {
			isa = XCBuildConfiguration;
			buildSettings = {
				ASSETCATALOG_COMPILER_APPICON_NAME = AppIcon;
				ASSETCATALOG_COMPILER_GLOBAL_ACCENT_COLOR_NAME = AccentColor;
				CODE_SIGN_ENTITLEMENTS = azooKeyMac/azooKeyMac.entitlements;
				CODE_SIGN_STYLE = Automatic;
				COMBINE_HIDPI_IMAGES = YES;
				CURRENT_PROJECT_VERSION = 1;
				DEAD_CODE_STRIPPING = YES;
				DEVELOPMENT_ASSET_PATHS = "\"azooKeyMac/Preview Content\"";
				DEVELOPMENT_TEAM = 9S3UXHYP65;
				ENABLE_APP_SANDBOX = YES;
				ENABLE_HARDENED_RUNTIME = YES;
				ENABLE_PREVIEWS = YES;
				ENABLE_USER_SELECTED_FILES = readonly;
				GENERATE_INFOPLIST_FILE = YES;
				INFOPLIST_FILE = azooKeyMac/Info.plist;
				INFOPLIST_KEY_NSHumanReadableCopyright = "";
				LD_RUNPATH_SEARCH_PATHS = (
					"$(inherited)",
					"@executable_path/../Frameworks",
				);
				LLVM_LTO = YES;
				MACOSX_DEPLOYMENT_TARGET = 12.0;
				MARKETING_VERSION = 1.0;
				PRODUCT_BUNDLE_IDENTIFIER = dev.ensan.inputmethod.azooKeyMac;
				PRODUCT_NAME = "$(TARGET_NAME)";
				SWIFT_EMIT_LOC_STRINGS = YES;
				SWIFT_VERSION = 5.0;
			};
			name = Debug;
		};
		1A41E63A26E745DD009B65D7 /* Release */ = {
			isa = XCBuildConfiguration;
			buildSettings = {
				ASSETCATALOG_COMPILER_APPICON_NAME = AppIcon;
				ASSETCATALOG_COMPILER_GLOBAL_ACCENT_COLOR_NAME = AccentColor;
				CODE_SIGN_ENTITLEMENTS = azooKeyMac/azooKeyMac.entitlements;
				CODE_SIGN_STYLE = Automatic;
				COMBINE_HIDPI_IMAGES = YES;
				CURRENT_PROJECT_VERSION = 1;
				DEAD_CODE_STRIPPING = YES;
				DEVELOPMENT_ASSET_PATHS = "\"azooKeyMac/Preview Content\"";
				DEVELOPMENT_TEAM = 9S3UXHYP65;
				ENABLE_APP_SANDBOX = YES;
				ENABLE_HARDENED_RUNTIME = YES;
				ENABLE_PREVIEWS = YES;
				ENABLE_USER_SELECTED_FILES = readonly;
				GCC_OPTIMIZATION_LEVEL = fast;
				GENERATE_INFOPLIST_FILE = YES;
				INFOPLIST_FILE = azooKeyMac/Info.plist;
				INFOPLIST_KEY_NSHumanReadableCopyright = "";
				LD_RUNPATH_SEARCH_PATHS = (
					"$(inherited)",
					"@executable_path/../Frameworks",
				);
				LLVM_LTO = YES;
				MACOSX_DEPLOYMENT_TARGET = 12.0;
				MARKETING_VERSION = 1.0;
				PRODUCT_BUNDLE_IDENTIFIER = dev.ensan.inputmethod.azooKeyMac;
				PRODUCT_NAME = "$(TARGET_NAME)";
				SWIFT_EMIT_LOC_STRINGS = YES;
				SWIFT_VERSION = 5.0;
			};
			name = Release;
		};
		1A41E63C26E745DD009B65D7 /* Debug */ = {
			isa = XCBuildConfiguration;
			buildSettings = {
				BUNDLE_LOADER = "$(TEST_HOST)";
				CODE_SIGN_STYLE = Automatic;
				COMBINE_HIDPI_IMAGES = YES;
				CURRENT_PROJECT_VERSION = 1;
				DEAD_CODE_STRIPPING = YES;
				GENERATE_INFOPLIST_FILE = YES;
				LD_RUNPATH_SEARCH_PATHS = (
					"$(inherited)",
					"@executable_path/../Frameworks",
					"@loader_path/../Frameworks",
				);
				MACOSX_DEPLOYMENT_TARGET = 12.0;
				MARKETING_VERSION = 1.0;
				PRODUCT_BUNDLE_IDENTIFIER = com.ensan.inputmethod.azooKeyMacTests;
				PRODUCT_NAME = "$(TARGET_NAME)";
				SWIFT_EMIT_LOC_STRINGS = NO;
				SWIFT_VERSION = 5.0;
				TEST_HOST = "$(BUILT_PRODUCTS_DIR)/azooKeyMac.app/Contents/MacOS/azooKeyMac";
			};
			name = Debug;
		};
		1A41E63D26E745DD009B65D7 /* Release */ = {
			isa = XCBuildConfiguration;
			buildSettings = {
				BUNDLE_LOADER = "$(TEST_HOST)";
				CODE_SIGN_STYLE = Automatic;
				COMBINE_HIDPI_IMAGES = YES;
				CURRENT_PROJECT_VERSION = 1;
				DEAD_CODE_STRIPPING = YES;
				GENERATE_INFOPLIST_FILE = YES;
				LD_RUNPATH_SEARCH_PATHS = (
					"$(inherited)",
					"@executable_path/../Frameworks",
					"@loader_path/../Frameworks",
				);
				MACOSX_DEPLOYMENT_TARGET = 12.0;
				MARKETING_VERSION = 1.0;
				PRODUCT_BUNDLE_IDENTIFIER = com.ensan.inputmethod.azooKeyMacTests;
				PRODUCT_NAME = "$(TARGET_NAME)";
				SWIFT_EMIT_LOC_STRINGS = NO;
				SWIFT_VERSION = 5.0;
				TEST_HOST = "$(BUILT_PRODUCTS_DIR)/azooKeyMac.app/Contents/MacOS/azooKeyMac";
			};
			name = Release;
		};
		1A41E63F26E745DD009B65D7 /* Debug */ = {
			isa = XCBuildConfiguration;
			buildSettings = {
				CODE_SIGN_STYLE = Automatic;
				COMBINE_HIDPI_IMAGES = YES;
				CURRENT_PROJECT_VERSION = 1;
				DEAD_CODE_STRIPPING = YES;
				GENERATE_INFOPLIST_FILE = YES;
				LD_RUNPATH_SEARCH_PATHS = (
					"$(inherited)",
					"@executable_path/../Frameworks",
					"@loader_path/../Frameworks",
				);
				MARKETING_VERSION = 1.0;
				PRODUCT_BUNDLE_IDENTIFIER = com.ensan.inputmethod.azooKeyMacUITests;
				PRODUCT_NAME = "$(TARGET_NAME)";
				SWIFT_EMIT_LOC_STRINGS = NO;
				SWIFT_VERSION = 5.0;
				TEST_TARGET_NAME = azooKeyMac;
			};
			name = Debug;
		};
		1A41E64026E745DD009B65D7 /* Release */ = {
			isa = XCBuildConfiguration;
			buildSettings = {
				CODE_SIGN_STYLE = Automatic;
				COMBINE_HIDPI_IMAGES = YES;
				CURRENT_PROJECT_VERSION = 1;
				DEAD_CODE_STRIPPING = YES;
				GENERATE_INFOPLIST_FILE = YES;
				LD_RUNPATH_SEARCH_PATHS = (
					"$(inherited)",
					"@executable_path/../Frameworks",
					"@loader_path/../Frameworks",
				);
				MARKETING_VERSION = 1.0;
				PRODUCT_BUNDLE_IDENTIFIER = com.ensan.inputmethod.azooKeyMacUITests;
				PRODUCT_NAME = "$(TARGET_NAME)";
				SWIFT_EMIT_LOC_STRINGS = NO;
				SWIFT_VERSION = 5.0;
				TEST_TARGET_NAME = azooKeyMac;
			};
			name = Release;
		};
/* End XCBuildConfiguration section */

/* Begin XCConfigurationList section */
		1A41E60F26E745D9009B65D7 /* Build configuration list for PBXProject "azooKeyMac" */ = {
			isa = XCConfigurationList;
			buildConfigurations = (
				1A41E63626E745DD009B65D7 /* Debug */,
				1A41E63726E745DD009B65D7 /* Release */,
			);
			defaultConfigurationIsVisible = 0;
			defaultConfigurationName = Release;
		};
		1A41E63826E745DD009B65D7 /* Build configuration list for PBXNativeTarget "azooKeyMac" */ = {
			isa = XCConfigurationList;
			buildConfigurations = (
				1A41E63926E745DD009B65D7 /* Debug */,
				1A41E63A26E745DD009B65D7 /* Release */,
			);
			defaultConfigurationIsVisible = 0;
			defaultConfigurationName = Release;
		};
		1A41E63B26E745DD009B65D7 /* Build configuration list for PBXNativeTarget "azooKeyMacTests" */ = {
			isa = XCConfigurationList;
			buildConfigurations = (
				1A41E63C26E745DD009B65D7 /* Debug */,
				1A41E63D26E745DD009B65D7 /* Release */,
			);
			defaultConfigurationIsVisible = 0;
			defaultConfigurationName = Release;
		};
		1A41E63E26E745DD009B65D7 /* Build configuration list for PBXNativeTarget "azooKeyMacUITests" */ = {
			isa = XCConfigurationList;
			buildConfigurations = (
				1A41E63F26E745DD009B65D7 /* Debug */,
				1A41E64026E745DD009B65D7 /* Release */,
			);
			defaultConfigurationIsVisible = 0;
			defaultConfigurationName = Release;
		};
/* End XCConfigurationList section */

/* Begin XCRemoteSwiftPackageReference section */
		55E0A5BA2BA8AE3200FACF50 /* XCRemoteSwiftPackageReference "AzooKeyKanaKanjiConverter" */ = {
			isa = XCRemoteSwiftPackageReference;
			repositoryURL = "https://github.com/ensan-hcl/AzooKeyKanaKanjiConverter";
			requirement = {
				kind = revision;
				revision = 552d6d803be4933be0b4dd627d56869213ca8b7a;
			};
		};
		E91CED852D525C9000C9C00F /* XCRemoteSwiftPackageReference "SwiftNGramWiithMarisaTrie" */ = {
			isa = XCRemoteSwiftPackageReference;
			repositoryURL = "https://github.com/nyanko3141592/SwiftNGramWiithMarisaTrie";
			requirement = {
				branch = feat/use_raw_api;
				kind = branch;
			};
		};
/* End XCRemoteSwiftPackageReference section */

/* Begin XCSwiftPackageProductDependency section */
		55E0A5BD2BA8AE3200FACF50 /* KanaKanjiConverterModuleWithDefaultDictionary */ = {
			isa = XCSwiftPackageProductDependency;
			package = 55E0A5BA2BA8AE3200FACF50 /* XCRemoteSwiftPackageReference "AzooKeyKanaKanjiConverter" */;
			productName = KanaKanjiConverterModuleWithDefaultDictionary;
		};
		55E0A5BF2BA8AE3200FACF50 /* SwiftUtils */ = {
			isa = XCSwiftPackageProductDependency;
			package = 55E0A5BA2BA8AE3200FACF50 /* XCRemoteSwiftPackageReference "AzooKeyKanaKanjiConverter" */;
			productName = SwiftUtils;
		};
		E91CED862D525C9000C9C00F /* SwiftNGram */ = {
			isa = XCSwiftPackageProductDependency;
			package = E91CED852D525C9000C9C00F /* XCRemoteSwiftPackageReference "SwiftNGramWiithMarisaTrie" */;
			productName = SwiftNGram;
		};
/* End XCSwiftPackageProductDependency section */
	};
	rootObject = 1A41E60C26E745D9009B65D7 /* Project object */;
}
